
Microsoft Visual Studio Solution File, Format Version 12.00
# Visual Studio Version 17
VisualStudioVersion = 17.4.33122.133
MinimumVisualStudioVersion = 10.0.40219.1
Project("{9A19103F-16F7-4668-BE54-9A1E7A4F7556}") = "WebParser", "ConsoleApp1\WebParser.csproj", "{A5F1748A-B503-4459-8B72-CED3D38CBF71}"
EndProject
Global
	GlobalSection(SolutionConfigurationPlatforms) = preSolution
		Debug|Any CPU = Debug|Any CPU
		Release|Any CPU = Release|Any CPU
	EndGlobalSection
	GlobalSection(ProjectConfigurationPlatforms) = postSolution
		{A5F1748A-B503-4459-8B72-CED3D38CBF71}.Debug|Any CPU.ActiveCfg = Debug|Any CPU
		{A5F1748A-B503-4459-8B72-CED3D38CBF71}.Debug|Any CPU.Build.0 = Debug|Any CPU
		{A5F1748A-B503-4459-8B72-CED3D38CBF71}.Release|Any CPU.ActiveCfg = Release|Any CPU
		{A5F1748A-B503-4459-8B72-CED3D38CBF71}.Release|Any CPU.Build.0 = Release|Any CPU
	EndGlobalSection
	GlobalSection(SolutionProperties) = preSolution
		HideSolutionNode = FALSE
	EndGlobalSection
	GlobalSection(ExtensibilityGlobals) = postSolution
		SolutionGuid = {82B8ECF7-BD13-48E9-8BC0-FDFC63856C21}
	EndGlobalSection
EndGlobal
